
Microsoft Visual Studio Solution File, Format Version 12.00
# Visual Studio Version 17
VisualStudioVersion = 17.3.32929.385
MinimumVisualStudioVersion = 10.0.40219.1
Project("{FAE04EC0-301F-11D3-BF4B-00C04F79EFBC}") = "do_whileEX", "do_whileEX\do_whileEX.csproj", "{74334A6B-1D27-4BF2-97E5-1B07568C9E0D}"
EndProject
Global
	GlobalSection(SolutionConfigurationPlatforms) = preSolution
		Debug|Any CPU = Debug|Any CPU
		Release|Any CPU = Release|Any CPU
	EndGlobalSection
	GlobalSection(ProjectConfigurationPlatforms) = postSolution
		{74334A6B-1D27-4BF2-97E5-1B07568C9E0D}.Debug|Any CPU.ActiveCfg = Debug|Any CPU
		{74334A6B-1D27-4BF2-97E5-1B07568C9E0D}.Debug|Any CPU.Build.0 = Debug|Any CPU
		{74334A6B-1D27-4BF2-97E5-1B07568C9E0D}.Release|Any CPU.ActiveCfg = Release|Any CPU
		{74334A6B-1D27-4BF2-97E5-1B07568C9E0D}.Release|Any CPU.Build.0 = Release|Any CPU
	EndGlobalSection
	GlobalSection(SolutionProperties) = preSolution
		HideSolutionNode = FALSE
	EndGlobalSection
	GlobalSection(ExtensibilityGlobals) = postSolution
		SolutionGuid = {E6FF6F90-260E-43F4-832A-E0A941ED2907}
	EndGlobalSection
EndGlobal
