
Microsoft Visual Studio Solution File, Format Version 12.00
# Visual Studio Version 17
VisualStudioVersion = 17.3.32929.385
MinimumVisualStudioVersion = 10.0.40219.1
Project("{FAE04EC0-301F-11D3-BF4B-00C04F79EFBC}") = "Class_objectEx", "Class_objectEx\Class_objectEx.csproj", "{F6C09F76-0044-4045-AF90-1E46B8F16A62}"
EndProject
Global
	GlobalSection(SolutionConfigurationPlatforms) = preSolution
		Debug|Any CPU = Debug|Any CPU
		Release|Any CPU = Release|Any CPU
	EndGlobalSection
	GlobalSection(ProjectConfigurationPlatforms) = postSolution
		{F6C09F76-0044-4045-AF90-1E46B8F16A62}.Debug|Any CPU.ActiveCfg = Debug|Any CPU
		{F6C09F76-0044-4045-AF90-1E46B8F16A62}.Debug|Any CPU.Build.0 = Debug|Any CPU
		{F6C09F76-0044-4045-AF90-1E46B8F16A62}.Release|Any CPU.ActiveCfg = Release|Any CPU
		{F6C09F76-0044-4045-AF90-1E46B8F16A62}.Release|Any CPU.Build.0 = Release|Any CPU
	EndGlobalSection
	GlobalSection(SolutionProperties) = preSolution
		HideSolutionNode = FALSE
	EndGlobalSection
	GlobalSection(ExtensibilityGlobals) = postSolution
		SolutionGuid = {8C7C47EE-DE9F-4715-8E73-EFAB2D6B5317}
	EndGlobalSection
EndGlobal
