
Microsoft Visual Studio Solution File, Format Version 12.00
# Visual Studio Version 17
VisualStudioVersion = 17.3.32929.385
MinimumVisualStudioVersion = 10.0.40219.1
Project("{FAE04EC0-301F-11D3-BF4B-00C04F79EFBC}") = "EFCore_EX", "EFCore_EX\EFCore_EX.csproj", "{B14F8F6A-98BA-45D8-949A-71D464CCDF8A}"
EndProject
Global
	GlobalSection(SolutionConfigurationPlatforms) = preSolution
		Debug|Any CPU = Debug|Any CPU
		Release|Any CPU = Release|Any CPU
	EndGlobalSection
	GlobalSection(ProjectConfigurationPlatforms) = postSolution
		{B14F8F6A-98BA-45D8-949A-71D464CCDF8A}.Debug|Any CPU.ActiveCfg = Debug|Any CPU
		{B14F8F6A-98BA-45D8-949A-71D464CCDF8A}.Debug|Any CPU.Build.0 = Debug|Any CPU
		{B14F8F6A-98BA-45D8-949A-71D464CCDF8A}.Release|Any CPU.ActiveCfg = Release|Any CPU
		{B14F8F6A-98BA-45D8-949A-71D464CCDF8A}.Release|Any CPU.Build.0 = Release|Any CPU
	EndGlobalSection
	GlobalSection(SolutionProperties) = preSolution
		HideSolutionNode = FALSE
	EndGlobalSection
	GlobalSection(ExtensibilityGlobals) = postSolution
		SolutionGuid = {BB8B190D-EFA9-4F98-8680-421EA5A7857A}
	EndGlobalSection
EndGlobal
