
Microsoft Visual Studio Solution File, Format Version 12.00
# Visual Studio Version 17
VisualStudioVersion = 17.3.32929.385
MinimumVisualStudioVersion = 10.0.40219.1
Project("{FAE04EC0-301F-11D3-BF4B-00C04F79EFBC}") = "CusAusFilter", "CusAusFilter\CusAusFilter.csproj", "{31DAD785-90A8-47F4-AB4B-789E349CBB68}"
EndProject
Global
	GlobalSection(SolutionConfigurationPlatforms) = preSolution
		Debug|Any CPU = Debug|Any CPU
		Release|Any CPU = Release|Any CPU
	EndGlobalSection
	GlobalSection(ProjectConfigurationPlatforms) = postSolution
		{31DAD785-90A8-47F4-AB4B-789E349CBB68}.Debug|Any CPU.ActiveCfg = Debug|Any CPU
		{31DAD785-90A8-47F4-AB4B-789E349CBB68}.Debug|Any CPU.Build.0 = Debug|Any CPU
		{31DAD785-90A8-47F4-AB4B-789E349CBB68}.Release|Any CPU.ActiveCfg = Release|Any CPU
		{31DAD785-90A8-47F4-AB4B-789E349CBB68}.Release|Any CPU.Build.0 = Release|Any CPU
	EndGlobalSection
	GlobalSection(SolutionProperties) = preSolution
		HideSolutionNode = FALSE
	EndGlobalSection
	GlobalSection(ExtensibilityGlobals) = postSolution
		SolutionGuid = {22A1E701-5468-4E80-911D-15AA2D0803D8}
	EndGlobalSection
EndGlobal
