
Microsoft Visual Studio Solution File, Format Version 12.00
# Visual Studio Version 17
VisualStudioVersion = 17.3.32929.385
MinimumVisualStudioVersion = 10.0.40219.1
Project("{FAE04EC0-301F-11D3-BF4B-00C04F79EFBC}") = "OverridingEX", "OverridingEX\OverridingEX.csproj", "{948BC23E-64FF-4D45-9B6E-A0F51E03A8CA}"
EndProject
Global
	GlobalSection(SolutionConfigurationPlatforms) = preSolution
		Debug|Any CPU = Debug|Any CPU
		Release|Any CPU = Release|Any CPU
	EndGlobalSection
	GlobalSection(ProjectConfigurationPlatforms) = postSolution
		{948BC23E-64FF-4D45-9B6E-A0F51E03A8CA}.Debug|Any CPU.ActiveCfg = Debug|Any CPU
		{948BC23E-64FF-4D45-9B6E-A0F51E03A8CA}.Debug|Any CPU.Build.0 = Debug|Any CPU
		{948BC23E-64FF-4D45-9B6E-A0F51E03A8CA}.Release|Any CPU.ActiveCfg = Release|Any CPU
		{948BC23E-64FF-4D45-9B6E-A0F51E03A8CA}.Release|Any CPU.Build.0 = Release|Any CPU
	EndGlobalSection
	GlobalSection(SolutionProperties) = preSolution
		HideSolutionNode = FALSE
	EndGlobalSection
	GlobalSection(ExtensibilityGlobals) = postSolution
		SolutionGuid = {2C614804-9554-495B-88E5-FAA457BA5D59}
	EndGlobalSection
EndGlobal
