
Microsoft Visual Studio Solution File, Format Version 12.00
# Visual Studio Version 17
VisualStudioVersion = 17.3.32929.385
MinimumVisualStudioVersion = 10.0.40219.1
Project("{FAE04EC0-301F-11D3-BF4B-00C04F79EFBC}") = "MethodOverridingEx", "MethodOverridingEx\MethodOverridingEx.csproj", "{C46B06ED-7E41-4B02-B9B2-A0CE7F742530}"
EndProject
Global
	GlobalSection(SolutionConfigurationPlatforms) = preSolution
		Debug|Any CPU = Debug|Any CPU
		Release|Any CPU = Release|Any CPU
	EndGlobalSection
	GlobalSection(ProjectConfigurationPlatforms) = postSolution
		{C46B06ED-7E41-4B02-B9B2-A0CE7F742530}.Debug|Any CPU.ActiveCfg = Debug|Any CPU
		{C46B06ED-7E41-4B02-B9B2-A0CE7F742530}.Debug|Any CPU.Build.0 = Debug|Any CPU
		{C46B06ED-7E41-4B02-B9B2-A0CE7F742530}.Release|Any CPU.ActiveCfg = Release|Any CPU
		{C46B06ED-7E41-4B02-B9B2-A0CE7F742530}.Release|Any CPU.Build.0 = Release|Any CPU
	EndGlobalSection
	GlobalSection(SolutionProperties) = preSolution
		HideSolutionNode = FALSE
	EndGlobalSection
	GlobalSection(ExtensibilityGlobals) = postSolution
		SolutionGuid = {E8EA82E1-BC6C-4236-BD83-A904BD1DD1EE}
	EndGlobalSection
EndGlobal
