
Microsoft Visual Studio Solution File, Format Version 12.00
# Visual Studio Version 17
VisualStudioVersion = 17.3.32929.385
MinimumVisualStudioVersion = 10.0.40219.1
Project("{FAE04EC0-301F-11D3-BF4B-00C04F79EFBC}") = "LinqToObjectEmpEX", "LinqToObjectEmpEX\LinqToObjectEmpEX.csproj", "{8ADDF41E-2C79-4625-B933-5A1222533AAD}"
EndProject
Global
	GlobalSection(SolutionConfigurationPlatforms) = preSolution
		Debug|Any CPU = Debug|Any CPU
		Release|Any CPU = Release|Any CPU
	EndGlobalSection
	GlobalSection(ProjectConfigurationPlatforms) = postSolution
		{8ADDF41E-2C79-4625-B933-5A1222533AAD}.Debug|Any CPU.ActiveCfg = Debug|Any CPU
		{8ADDF41E-2C79-4625-B933-5A1222533AAD}.Debug|Any CPU.Build.0 = Debug|Any CPU
		{8ADDF41E-2C79-4625-B933-5A1222533AAD}.Release|Any CPU.ActiveCfg = Release|Any CPU
		{8ADDF41E-2C79-4625-B933-5A1222533AAD}.Release|Any CPU.Build.0 = Release|Any CPU
	EndGlobalSection
	GlobalSection(SolutionProperties) = preSolution
		HideSolutionNode = FALSE
	EndGlobalSection
	GlobalSection(ExtensibilityGlobals) = postSolution
		SolutionGuid = {952710B5-FFFC-4518-A5AF-58866207BAE5}
	EndGlobalSection
EndGlobal
