
Microsoft Visual Studio Solution File, Format Version 12.00
# Visual Studio Version 17
VisualStudioVersion = 17.3.32929.385
MinimumVisualStudioVersion = 10.0.40219.1
Project("{FAE04EC0-301F-11D3-BF4B-00C04F79EFBC}") = "OperatorOverloadingEx", "OperatorOverloadingEx\OperatorOverloadingEx.csproj", "{41ACF724-310B-4C17-9E5E-CDD254E827B6}"
EndProject
Global
	GlobalSection(SolutionConfigurationPlatforms) = preSolution
		Debug|Any CPU = Debug|Any CPU
		Release|Any CPU = Release|Any CPU
	EndGlobalSection
	GlobalSection(ProjectConfigurationPlatforms) = postSolution
		{41ACF724-310B-4C17-9E5E-CDD254E827B6}.Debug|Any CPU.ActiveCfg = Debug|Any CPU
		{41ACF724-310B-4C17-9E5E-CDD254E827B6}.Debug|Any CPU.Build.0 = Debug|Any CPU
		{41ACF724-310B-4C17-9E5E-CDD254E827B6}.Release|Any CPU.ActiveCfg = Release|Any CPU
		{41ACF724-310B-4C17-9E5E-CDD254E827B6}.Release|Any CPU.Build.0 = Release|Any CPU
	EndGlobalSection
	GlobalSection(SolutionProperties) = preSolution
		HideSolutionNode = FALSE
	EndGlobalSection
	GlobalSection(ExtensibilityGlobals) = postSolution
		SolutionGuid = {2FE9749F-7673-4531-97FE-06F55DBA18FB}
	EndGlobalSection
EndGlobal
