
Microsoft Visual Studio Solution File, Format Version 12.00
# Visual Studio Version 17
VisualStudioVersion = 17.3.32929.385
MinimumVisualStudioVersion = 10.0.40219.1
Project("{FAE04EC0-301F-11D3-BF4B-00C04F79EFBC}") = "Simple1EX", "Simple1EX\Simple1EX.csproj", "{5F22A7A6-9040-460E-ADFB-BB265812797B}"
EndProject
Global
	GlobalSection(SolutionConfigurationPlatforms) = preSolution
		Debug|Any CPU = Debug|Any CPU
		Release|Any CPU = Release|Any CPU
	EndGlobalSection
	GlobalSection(ProjectConfigurationPlatforms) = postSolution
		{5F22A7A6-9040-460E-ADFB-BB265812797B}.Debug|Any CPU.ActiveCfg = Debug|Any CPU
		{5F22A7A6-9040-460E-ADFB-BB265812797B}.Debug|Any CPU.Build.0 = Debug|Any CPU
		{5F22A7A6-9040-460E-ADFB-BB265812797B}.Release|Any CPU.ActiveCfg = Release|Any CPU
		{5F22A7A6-9040-460E-ADFB-BB265812797B}.Release|Any CPU.Build.0 = Release|Any CPU
	EndGlobalSection
	GlobalSection(SolutionProperties) = preSolution
		HideSolutionNode = FALSE
	EndGlobalSection
	GlobalSection(ExtensibilityGlobals) = postSolution
		SolutionGuid = {0BA58054-A646-4842-A6B6-F13FCDD0E413}
	EndGlobalSection
EndGlobal
