
Microsoft Visual Studio Solution File, Format Version 12.00
# Visual Studio Version 17
VisualStudioVersion = 17.3.32929.385
MinimumVisualStudioVersion = 10.0.40219.1
Project("{FAE04EC0-301F-11D3-BF4B-00C04F79EFBC}") = "CustomActionFilter", "CustomActionFilter\CustomActionFilter.csproj", "{4F49B08A-4684-48BB-8726-19191C52525E}"
EndProject
Global
	GlobalSection(SolutionConfigurationPlatforms) = preSolution
		Debug|Any CPU = Debug|Any CPU
		Release|Any CPU = Release|Any CPU
	EndGlobalSection
	GlobalSection(ProjectConfigurationPlatforms) = postSolution
		{4F49B08A-4684-48BB-8726-19191C52525E}.Debug|Any CPU.ActiveCfg = Debug|Any CPU
		{4F49B08A-4684-48BB-8726-19191C52525E}.Debug|Any CPU.Build.0 = Debug|Any CPU
		{4F49B08A-4684-48BB-8726-19191C52525E}.Release|Any CPU.ActiveCfg = Release|Any CPU
		{4F49B08A-4684-48BB-8726-19191C52525E}.Release|Any CPU.Build.0 = Release|Any CPU
	EndGlobalSection
	GlobalSection(SolutionProperties) = preSolution
		HideSolutionNode = FALSE
	EndGlobalSection
	GlobalSection(ExtensibilityGlobals) = postSolution
		SolutionGuid = {D932FB0E-DB7A-464A-ACAD-BEE13D685872}
	EndGlobalSection
EndGlobal
