
Microsoft Visual Studio Solution File, Format Version 12.00
# Visual Studio Version 17
VisualStudioVersion = 17.3.32929.385
MinimumVisualStudioVersion = 10.0.40219.1
Project("{FAE04EC0-301F-11D3-BF4B-00C04F79EFBC}") = "DBFirstEx12", "DBFirstEx12\DBFirstEx12.csproj", "{06F1D828-2181-4B13-8A67-370B61C3E58C}"
EndProject
Global
	GlobalSection(SolutionConfigurationPlatforms) = preSolution
		Debug|Any CPU = Debug|Any CPU
		Release|Any CPU = Release|Any CPU
	EndGlobalSection
	GlobalSection(ProjectConfigurationPlatforms) = postSolution
		{06F1D828-2181-4B13-8A67-370B61C3E58C}.Debug|Any CPU.ActiveCfg = Debug|Any CPU
		{06F1D828-2181-4B13-8A67-370B61C3E58C}.Debug|Any CPU.Build.0 = Debug|Any CPU
		{06F1D828-2181-4B13-8A67-370B61C3E58C}.Release|Any CPU.ActiveCfg = Release|Any CPU
		{06F1D828-2181-4B13-8A67-370B61C3E58C}.Release|Any CPU.Build.0 = Release|Any CPU
	EndGlobalSection
	GlobalSection(SolutionProperties) = preSolution
		HideSolutionNode = FALSE
	EndGlobalSection
	GlobalSection(ExtensibilityGlobals) = postSolution
		SolutionGuid = {A600323F-0260-4E5C-B45A-A3E029D23F60}
	EndGlobalSection
EndGlobal
