
Microsoft Visual Studio Solution File, Format Version 12.00
# Visual Studio Version 17
VisualStudioVersion = 17.3.32929.385
MinimumVisualStudioVersion = 10.0.40219.1
Project("{FAE04EC0-301F-11D3-BF4B-00C04F79EFBC}") = "LinqToObject_Product", "LinqToObject_Product\LinqToObject_Product.csproj", "{60A8D4B4-A038-4081-BA9D-083322F504B4}"
EndProject
Global
	GlobalSection(SolutionConfigurationPlatforms) = preSolution
		Debug|Any CPU = Debug|Any CPU
		Release|Any CPU = Release|Any CPU
	EndGlobalSection
	GlobalSection(ProjectConfigurationPlatforms) = postSolution
		{60A8D4B4-A038-4081-BA9D-083322F504B4}.Debug|Any CPU.ActiveCfg = Debug|Any CPU
		{60A8D4B4-A038-4081-BA9D-083322F504B4}.Debug|Any CPU.Build.0 = Debug|Any CPU
		{60A8D4B4-A038-4081-BA9D-083322F504B4}.Release|Any CPU.ActiveCfg = Release|Any CPU
		{60A8D4B4-A038-4081-BA9D-083322F504B4}.Release|Any CPU.Build.0 = Release|Any CPU
	EndGlobalSection
	GlobalSection(SolutionProperties) = preSolution
		HideSolutionNode = FALSE
	EndGlobalSection
	GlobalSection(ExtensibilityGlobals) = postSolution
		SolutionGuid = {5817B6DE-D8AE-4578-837F-EFC16C7675AF}
	EndGlobalSection
EndGlobal
