
Microsoft Visual Studio Solution File, Format Version 12.00
# Visual Studio Version 17
VisualStudioVersion = 17.3.32929.385
MinimumVisualStudioVersion = 10.0.40219.1
Project("{FAE04EC0-301F-11D3-BF4B-00C04F79EFBC}") = "StringEX", "StringEX\StringEX.csproj", "{EF7BC8E2-E4BD-4894-9E1C-6E2F17BE1A09}"
EndProject
Global
	GlobalSection(SolutionConfigurationPlatforms) = preSolution
		Debug|Any CPU = Debug|Any CPU
		Release|Any CPU = Release|Any CPU
	EndGlobalSection
	GlobalSection(ProjectConfigurationPlatforms) = postSolution
		{EF7BC8E2-E4BD-4894-9E1C-6E2F17BE1A09}.Debug|Any CPU.ActiveCfg = Debug|Any CPU
		{EF7BC8E2-E4BD-4894-9E1C-6E2F17BE1A09}.Debug|Any CPU.Build.0 = Debug|Any CPU
		{EF7BC8E2-E4BD-4894-9E1C-6E2F17BE1A09}.Release|Any CPU.ActiveCfg = Release|Any CPU
		{EF7BC8E2-E4BD-4894-9E1C-6E2F17BE1A09}.Release|Any CPU.Build.0 = Release|Any CPU
	EndGlobalSection
	GlobalSection(SolutionProperties) = preSolution
		HideSolutionNode = FALSE
	EndGlobalSection
	GlobalSection(ExtensibilityGlobals) = postSolution
		SolutionGuid = {07AA7450-51D7-44B5-8EE7-08E45B99700F}
	EndGlobalSection
EndGlobal
