
Microsoft Visual Studio Solution File, Format Version 12.00
# Visual Studio Version 17
VisualStudioVersion = 17.3.32929.385
MinimumVisualStudioVersion = 10.0.40219.1
Project("{FAE04EC0-301F-11D3-BF4B-00C04F79EFBC}") = "ExtensionMethodExample", "ExtensionMethodExample\ExtensionMethodExample.csproj", "{FFF4F619-A415-4BB8-9545-ABCD5F694128}"
EndProject
Global
	GlobalSection(SolutionConfigurationPlatforms) = preSolution
		Debug|Any CPU = Debug|Any CPU
		Release|Any CPU = Release|Any CPU
	EndGlobalSection
	GlobalSection(ProjectConfigurationPlatforms) = postSolution
		{FFF4F619-A415-4BB8-9545-ABCD5F694128}.Debug|Any CPU.ActiveCfg = Debug|Any CPU
		{FFF4F619-A415-4BB8-9545-ABCD5F694128}.Debug|Any CPU.Build.0 = Debug|Any CPU
		{FFF4F619-A415-4BB8-9545-ABCD5F694128}.Release|Any CPU.ActiveCfg = Release|Any CPU
		{FFF4F619-A415-4BB8-9545-ABCD5F694128}.Release|Any CPU.Build.0 = Release|Any CPU
	EndGlobalSection
	GlobalSection(SolutionProperties) = preSolution
		HideSolutionNode = FALSE
	EndGlobalSection
	GlobalSection(ExtensibilityGlobals) = postSolution
		SolutionGuid = {51156AB2-1BA0-446B-9729-9310FD1EF72D}
	EndGlobalSection
EndGlobal
