
Microsoft Visual Studio Solution File, Format Version 12.00
# Visual Studio Version 17
VisualStudioVersion = 17.3.32929.385
MinimumVisualStudioVersion = 10.0.40219.1
Project("{FAE04EC0-301F-11D3-BF4B-00C04F79EFBC}") = "Curd_Repo_Ex", "Curd_Repo_Ex\Curd_Repo_Ex.csproj", "{A697F057-12B8-4BCF-ACEB-F3A01AF3076C}"
EndProject
Global
	GlobalSection(SolutionConfigurationPlatforms) = preSolution
		Debug|Any CPU = Debug|Any CPU
		Release|Any CPU = Release|Any CPU
	EndGlobalSection
	GlobalSection(ProjectConfigurationPlatforms) = postSolution
		{A697F057-12B8-4BCF-ACEB-F3A01AF3076C}.Debug|Any CPU.ActiveCfg = Debug|Any CPU
		{A697F057-12B8-4BCF-ACEB-F3A01AF3076C}.Debug|Any CPU.Build.0 = Debug|Any CPU
		{A697F057-12B8-4BCF-ACEB-F3A01AF3076C}.Release|Any CPU.ActiveCfg = Release|Any CPU
		{A697F057-12B8-4BCF-ACEB-F3A01AF3076C}.Release|Any CPU.Build.0 = Release|Any CPU
	EndGlobalSection
	GlobalSection(SolutionProperties) = preSolution
		HideSolutionNode = FALSE
	EndGlobalSection
	GlobalSection(ExtensibilityGlobals) = postSolution
		SolutionGuid = {45E11B7B-F9EC-4B09-A2F6-30B3FFE5DB50}
	EndGlobalSection
EndGlobal
