
Microsoft Visual Studio Solution File, Format Version 12.00
# Visual Studio Version 17
VisualStudioVersion = 17.3.32929.385
MinimumVisualStudioVersion = 10.0.40219.1
Project("{FAE04EC0-301F-11D3-BF4B-00C04F79EFBC}") = "codeFirst", "codeFirst\codeFirst.csproj", "{32A77BE8-CBAA-41E7-8353-DC465ED4CF22}"
EndProject
Global
	GlobalSection(SolutionConfigurationPlatforms) = preSolution
		Debug|Any CPU = Debug|Any CPU
		Release|Any CPU = Release|Any CPU
	EndGlobalSection
	GlobalSection(ProjectConfigurationPlatforms) = postSolution
		{32A77BE8-CBAA-41E7-8353-DC465ED4CF22}.Debug|Any CPU.ActiveCfg = Debug|Any CPU
		{32A77BE8-CBAA-41E7-8353-DC465ED4CF22}.Debug|Any CPU.Build.0 = Debug|Any CPU
		{32A77BE8-CBAA-41E7-8353-DC465ED4CF22}.Release|Any CPU.ActiveCfg = Release|Any CPU
		{32A77BE8-CBAA-41E7-8353-DC465ED4CF22}.Release|Any CPU.Build.0 = Release|Any CPU
	EndGlobalSection
	GlobalSection(SolutionProperties) = preSolution
		HideSolutionNode = FALSE
	EndGlobalSection
	GlobalSection(ExtensibilityGlobals) = postSolution
		SolutionGuid = {CC39F43D-ABE5-432A-8028-D784F80CB008}
	EndGlobalSection
EndGlobal
