
Microsoft Visual Studio Solution File, Format Version 12.00
# Visual Studio Version 17
VisualStudioVersion = 17.3.32929.385
MinimumVisualStudioVersion = 10.0.40219.1
Project("{FAE04EC0-301F-11D3-BF4B-00C04F79EFBC}") = "EmpEx", "EmpEx\EmpEx.csproj", "{D30B152A-A17D-4CB1-8EDF-75A0EC662813}"
EndProject
Global
	GlobalSection(SolutionConfigurationPlatforms) = preSolution
		Debug|Any CPU = Debug|Any CPU
		Release|Any CPU = Release|Any CPU
	EndGlobalSection
	GlobalSection(ProjectConfigurationPlatforms) = postSolution
		{D30B152A-A17D-4CB1-8EDF-75A0EC662813}.Debug|Any CPU.ActiveCfg = Debug|Any CPU
		{D30B152A-A17D-4CB1-8EDF-75A0EC662813}.Debug|Any CPU.Build.0 = Debug|Any CPU
		{D30B152A-A17D-4CB1-8EDF-75A0EC662813}.Release|Any CPU.ActiveCfg = Release|Any CPU
		{D30B152A-A17D-4CB1-8EDF-75A0EC662813}.Release|Any CPU.Build.0 = Release|Any CPU
	EndGlobalSection
	GlobalSection(SolutionProperties) = preSolution
		HideSolutionNode = FALSE
	EndGlobalSection
	GlobalSection(ExtensibilityGlobals) = postSolution
		SolutionGuid = {ADEF8749-D196-4D50-8733-73F9A9612E4C}
	EndGlobalSection
EndGlobal
