
Microsoft Visual Studio Solution File, Format Version 12.00
# Visual Studio Version 17
VisualStudioVersion = 17.3.32929.385
MinimumVisualStudioVersion = 10.0.40219.1
Project("{FAE04EC0-301F-11D3-BF4B-00C04F79EFBC}") = "DBFIRST", "DBFIRST\DBFIRST.csproj", "{C7D4E365-F6E2-4B6F-A953-924A19421E26}"
EndProject
Global
	GlobalSection(SolutionConfigurationPlatforms) = preSolution
		Debug|Any CPU = Debug|Any CPU
		Release|Any CPU = Release|Any CPU
	EndGlobalSection
	GlobalSection(ProjectConfigurationPlatforms) = postSolution
		{C7D4E365-F6E2-4B6F-A953-924A19421E26}.Debug|Any CPU.ActiveCfg = Debug|Any CPU
		{C7D4E365-F6E2-4B6F-A953-924A19421E26}.Debug|Any CPU.Build.0 = Debug|Any CPU
		{C7D4E365-F6E2-4B6F-A953-924A19421E26}.Release|Any CPU.ActiveCfg = Release|Any CPU
		{C7D4E365-F6E2-4B6F-A953-924A19421E26}.Release|Any CPU.Build.0 = Release|Any CPU
	EndGlobalSection
	GlobalSection(SolutionProperties) = preSolution
		HideSolutionNode = FALSE
	EndGlobalSection
	GlobalSection(ExtensibilityGlobals) = postSolution
		SolutionGuid = {ACBA67AE-7E9F-4095-8412-20FE47D0FC73}
	EndGlobalSection
EndGlobal
