
Microsoft Visual Studio Solution File, Format Version 12.00
# Visual Studio Version 17
VisualStudioVersion = 17.3.32929.385
MinimumVisualStudioVersion = 10.0.40219.1
Project("{FAE04EC0-301F-11D3-BF4B-00C04F79EFBC}") = "StarEx4", "StarEx4\StarEx4.csproj", "{DBE0DBD0-BB55-4651-B9A1-877EC5DCEADE}"
EndProject
Global
	GlobalSection(SolutionConfigurationPlatforms) = preSolution
		Debug|Any CPU = Debug|Any CPU
		Release|Any CPU = Release|Any CPU
	EndGlobalSection
	GlobalSection(ProjectConfigurationPlatforms) = postSolution
		{DBE0DBD0-BB55-4651-B9A1-877EC5DCEADE}.Debug|Any CPU.ActiveCfg = Debug|Any CPU
		{DBE0DBD0-BB55-4651-B9A1-877EC5DCEADE}.Debug|Any CPU.Build.0 = Debug|Any CPU
		{DBE0DBD0-BB55-4651-B9A1-877EC5DCEADE}.Release|Any CPU.ActiveCfg = Release|Any CPU
		{DBE0DBD0-BB55-4651-B9A1-877EC5DCEADE}.Release|Any CPU.Build.0 = Release|Any CPU
	EndGlobalSection
	GlobalSection(SolutionProperties) = preSolution
		HideSolutionNode = FALSE
	EndGlobalSection
	GlobalSection(ExtensibilityGlobals) = postSolution
		SolutionGuid = {D7714C5F-2FBC-4A7C-900A-1270E175A0E4}
	EndGlobalSection
EndGlobal
