
Microsoft Visual Studio Solution File, Format Version 12.00
# Visual Studio Version 17
VisualStudioVersion = 17.3.32929.385
MinimumVisualStudioVersion = 10.0.40219.1
Project("{FAE04EC0-301F-11D3-BF4B-00C04F79EFBC}") = "PartialViewEx", "PartialViewEx\PartialViewEx.csproj", "{E7BE804F-D647-4DFF-90A0-124AD74D84D6}"
EndProject
Global
	GlobalSection(SolutionConfigurationPlatforms) = preSolution
		Debug|Any CPU = Debug|Any CPU
		Release|Any CPU = Release|Any CPU
	EndGlobalSection
	GlobalSection(ProjectConfigurationPlatforms) = postSolution
		{E7BE804F-D647-4DFF-90A0-124AD74D84D6}.Debug|Any CPU.ActiveCfg = Debug|Any CPU
		{E7BE804F-D647-4DFF-90A0-124AD74D84D6}.Debug|Any CPU.Build.0 = Debug|Any CPU
		{E7BE804F-D647-4DFF-90A0-124AD74D84D6}.Release|Any CPU.ActiveCfg = Release|Any CPU
		{E7BE804F-D647-4DFF-90A0-124AD74D84D6}.Release|Any CPU.Build.0 = Release|Any CPU
	EndGlobalSection
	GlobalSection(SolutionProperties) = preSolution
		HideSolutionNode = FALSE
	EndGlobalSection
	GlobalSection(ExtensibilityGlobals) = postSolution
		SolutionGuid = {F5D9450E-272C-42CC-8BED-5DC742BCF577}
	EndGlobalSection
EndGlobal
