
Microsoft Visual Studio Solution File, Format Version 12.00
# Visual Studio Version 17
VisualStudioVersion = 17.3.32929.385
MinimumVisualStudioVersion = 10.0.40219.1
Project("{FAE04EC0-301F-11D3-BF4B-00C04F79EFBC}") = "DB_FIRST_C", "DB_FIRST_C\DB_FIRST_C.csproj", "{F2C8BD0B-5BA3-4A8C-95FD-99B4C7D56A81}"
EndProject
Global
	GlobalSection(SolutionConfigurationPlatforms) = preSolution
		Debug|Any CPU = Debug|Any CPU
		Release|Any CPU = Release|Any CPU
	EndGlobalSection
	GlobalSection(ProjectConfigurationPlatforms) = postSolution
		{F2C8BD0B-5BA3-4A8C-95FD-99B4C7D56A81}.Debug|Any CPU.ActiveCfg = Debug|Any CPU
		{F2C8BD0B-5BA3-4A8C-95FD-99B4C7D56A81}.Debug|Any CPU.Build.0 = Debug|Any CPU
		{F2C8BD0B-5BA3-4A8C-95FD-99B4C7D56A81}.Release|Any CPU.ActiveCfg = Release|Any CPU
		{F2C8BD0B-5BA3-4A8C-95FD-99B4C7D56A81}.Release|Any CPU.Build.0 = Release|Any CPU
	EndGlobalSection
	GlobalSection(SolutionProperties) = preSolution
		HideSolutionNode = FALSE
	EndGlobalSection
	GlobalSection(ExtensibilityGlobals) = postSolution
		SolutionGuid = {7E5AF61A-E616-4ACF-AA03-BB231B121E10}
	EndGlobalSection
EndGlobal
