
Microsoft Visual Studio Solution File, Format Version 12.00
# Visual Studio Version 17
VisualStudioVersion = 17.3.32929.385
MinimumVisualStudioVersion = 10.0.40219.1
Project("{FAE04EC0-301F-11D3-BF4B-00C04F79EFBC}") = "CodeFirstEx12", "CodeFirstEx12\CodeFirstEx12.csproj", "{069E51E2-F49B-4B83-9FDB-93D39054B3C0}"
EndProject
Global
	GlobalSection(SolutionConfigurationPlatforms) = preSolution
		Debug|Any CPU = Debug|Any CPU
		Release|Any CPU = Release|Any CPU
	EndGlobalSection
	GlobalSection(ProjectConfigurationPlatforms) = postSolution
		{069E51E2-F49B-4B83-9FDB-93D39054B3C0}.Debug|Any CPU.ActiveCfg = Debug|Any CPU
		{069E51E2-F49B-4B83-9FDB-93D39054B3C0}.Debug|Any CPU.Build.0 = Debug|Any CPU
		{069E51E2-F49B-4B83-9FDB-93D39054B3C0}.Release|Any CPU.ActiveCfg = Release|Any CPU
		{069E51E2-F49B-4B83-9FDB-93D39054B3C0}.Release|Any CPU.Build.0 = Release|Any CPU
	EndGlobalSection
	GlobalSection(SolutionProperties) = preSolution
		HideSolutionNode = FALSE
	EndGlobalSection
	GlobalSection(ExtensibilityGlobals) = postSolution
		SolutionGuid = {62D89F6F-E335-48F0-BAC3-588D759CFE66}
	EndGlobalSection
EndGlobal
