
Microsoft Visual Studio Solution File, Format Version 12.00
# Visual Studio Version 17
VisualStudioVersion = 17.3.32929.385
MinimumVisualStudioVersion = 10.0.40219.1
Project("{FAE04EC0-301F-11D3-BF4B-00C04F79EFBC}") = "forloopEX", "forloopEX\forloopEX.csproj", "{061C5794-6EC8-42DB-AAF4-28396E40690B}"
EndProject
Global
	GlobalSection(SolutionConfigurationPlatforms) = preSolution
		Debug|Any CPU = Debug|Any CPU
		Release|Any CPU = Release|Any CPU
	EndGlobalSection
	GlobalSection(ProjectConfigurationPlatforms) = postSolution
		{061C5794-6EC8-42DB-AAF4-28396E40690B}.Debug|Any CPU.ActiveCfg = Debug|Any CPU
		{061C5794-6EC8-42DB-AAF4-28396E40690B}.Debug|Any CPU.Build.0 = Debug|Any CPU
		{061C5794-6EC8-42DB-AAF4-28396E40690B}.Release|Any CPU.ActiveCfg = Release|Any CPU
		{061C5794-6EC8-42DB-AAF4-28396E40690B}.Release|Any CPU.Build.0 = Release|Any CPU
	EndGlobalSection
	GlobalSection(SolutionProperties) = preSolution
		HideSolutionNode = FALSE
	EndGlobalSection
	GlobalSection(ExtensibilityGlobals) = postSolution
		SolutionGuid = {BC550668-B948-44E5-81B6-6D226F8094F1}
	EndGlobalSection
EndGlobal
