
Microsoft Visual Studio Solution File, Format Version 12.00
# Visual Studio Version 17
VisualStudioVersion = 17.3.32929.385
MinimumVisualStudioVersion = 10.0.40219.1
Project("{FAE04EC0-301F-11D3-BF4B-00C04F79EFBC}") = "SwitchCase", "SwitchCase\SwitchCase.csproj", "{1246021B-71F7-4215-8BF8-6A366FC4462A}"
EndProject
Global
	GlobalSection(SolutionConfigurationPlatforms) = preSolution
		Debug|Any CPU = Debug|Any CPU
		Release|Any CPU = Release|Any CPU
	EndGlobalSection
	GlobalSection(ProjectConfigurationPlatforms) = postSolution
		{1246021B-71F7-4215-8BF8-6A366FC4462A}.Debug|Any CPU.ActiveCfg = Debug|Any CPU
		{1246021B-71F7-4215-8BF8-6A366FC4462A}.Debug|Any CPU.Build.0 = Debug|Any CPU
		{1246021B-71F7-4215-8BF8-6A366FC4462A}.Release|Any CPU.ActiveCfg = Release|Any CPU
		{1246021B-71F7-4215-8BF8-6A366FC4462A}.Release|Any CPU.Build.0 = Release|Any CPU
	EndGlobalSection
	GlobalSection(SolutionProperties) = preSolution
		HideSolutionNode = FALSE
	EndGlobalSection
	GlobalSection(ExtensibilityGlobals) = postSolution
		SolutionGuid = {8D869F26-7C8D-47F5-B143-2B7446EA84BC}
	EndGlobalSection
EndGlobal
