
Microsoft Visual Studio Solution File, Format Version 12.00
# Visual Studio Version 17
VisualStudioVersion = 17.3.32929.385
MinimumVisualStudioVersion = 10.0.40219.1
Project("{FAE04EC0-301F-11D3-BF4B-00C04F79EFBC}") = "StudentEX", "StudentEX\StudentEX.csproj", "{47A12A11-AFD3-4866-B7B9-4ADB00E72A79}"
EndProject
Global
	GlobalSection(SolutionConfigurationPlatforms) = preSolution
		Debug|Any CPU = Debug|Any CPU
		Release|Any CPU = Release|Any CPU
	EndGlobalSection
	GlobalSection(ProjectConfigurationPlatforms) = postSolution
		{47A12A11-AFD3-4866-B7B9-4ADB00E72A79}.Debug|Any CPU.ActiveCfg = Debug|Any CPU
		{47A12A11-AFD3-4866-B7B9-4ADB00E72A79}.Debug|Any CPU.Build.0 = Debug|Any CPU
		{47A12A11-AFD3-4866-B7B9-4ADB00E72A79}.Release|Any CPU.ActiveCfg = Release|Any CPU
		{47A12A11-AFD3-4866-B7B9-4ADB00E72A79}.Release|Any CPU.Build.0 = Release|Any CPU
	EndGlobalSection
	GlobalSection(SolutionProperties) = preSolution
		HideSolutionNode = FALSE
	EndGlobalSection
	GlobalSection(ExtensibilityGlobals) = postSolution
		SolutionGuid = {D62AA5D0-2109-4D67-8A4B-4B1FF2413D9E}
	EndGlobalSection
EndGlobal
