
Microsoft Visual Studio Solution File, Format Version 12.00
# Visual Studio Version 17
VisualStudioVersion = 17.3.32929.385
MinimumVisualStudioVersion = 10.0.40219.1
Project("{FAE04EC0-301F-11D3-BF4B-00C04F79EFBC}") = "ImplicitInterfaceEx", "ImplicitInterfaceEx\ImplicitInterfaceEx.csproj", "{11DD300D-34B4-4179-B1CC-5BD02F328B54}"
EndProject
Global
	GlobalSection(SolutionConfigurationPlatforms) = preSolution
		Debug|Any CPU = Debug|Any CPU
		Release|Any CPU = Release|Any CPU
	EndGlobalSection
	GlobalSection(ProjectConfigurationPlatforms) = postSolution
		{11DD300D-34B4-4179-B1CC-5BD02F328B54}.Debug|Any CPU.ActiveCfg = Debug|Any CPU
		{11DD300D-34B4-4179-B1CC-5BD02F328B54}.Debug|Any CPU.Build.0 = Debug|Any CPU
		{11DD300D-34B4-4179-B1CC-5BD02F328B54}.Release|Any CPU.ActiveCfg = Release|Any CPU
		{11DD300D-34B4-4179-B1CC-5BD02F328B54}.Release|Any CPU.Build.0 = Release|Any CPU
	EndGlobalSection
	GlobalSection(SolutionProperties) = preSolution
		HideSolutionNode = FALSE
	EndGlobalSection
	GlobalSection(ExtensibilityGlobals) = postSolution
		SolutionGuid = {CE107FA8-7E3C-471A-84F3-F0717E61DC6E}
	EndGlobalSection
EndGlobal
