
Microsoft Visual Studio Solution File, Format Version 12.00
# Visual Studio Version 17
VisualStudioVersion = 17.3.32929.385
MinimumVisualStudioVersion = 10.0.40219.1
Project("{FAE04EC0-301F-11D3-BF4B-00C04F79EFBC}") = "CURD_DBFirst", "CURD_DBFirst\CURD_DBFirst.csproj", "{556F17AB-1987-43D4-BD97-2B17B1FE135B}"
EndProject
Global
	GlobalSection(SolutionConfigurationPlatforms) = preSolution
		Debug|Any CPU = Debug|Any CPU
		Release|Any CPU = Release|Any CPU
	EndGlobalSection
	GlobalSection(ProjectConfigurationPlatforms) = postSolution
		{556F17AB-1987-43D4-BD97-2B17B1FE135B}.Debug|Any CPU.ActiveCfg = Debug|Any CPU
		{556F17AB-1987-43D4-BD97-2B17B1FE135B}.Debug|Any CPU.Build.0 = Debug|Any CPU
		{556F17AB-1987-43D4-BD97-2B17B1FE135B}.Release|Any CPU.ActiveCfg = Release|Any CPU
		{556F17AB-1987-43D4-BD97-2B17B1FE135B}.Release|Any CPU.Build.0 = Release|Any CPU
	EndGlobalSection
	GlobalSection(SolutionProperties) = preSolution
		HideSolutionNode = FALSE
	EndGlobalSection
	GlobalSection(ExtensibilityGlobals) = postSolution
		SolutionGuid = {6B2036AA-83F3-4273-B1FD-39D7B898BA5F}
	EndGlobalSection
EndGlobal
