
Microsoft Visual Studio Solution File, Format Version 12.00
# Visual Studio Version 17
VisualStudioVersion = 17.3.32929.385
MinimumVisualStudioVersion = 10.0.40219.1
Project("{FAE04EC0-301F-11D3-BF4B-00C04F79EFBC}") = "AuthorizeAllowAnyamous", "AuthorizeAllowAnyamous\AuthorizeAllowAnyamous.csproj", "{68C9C238-B596-46FA-8305-52648E5E964F}"
EndProject
Global
	GlobalSection(SolutionConfigurationPlatforms) = preSolution
		Debug|Any CPU = Debug|Any CPU
		Release|Any CPU = Release|Any CPU
	EndGlobalSection
	GlobalSection(ProjectConfigurationPlatforms) = postSolution
		{68C9C238-B596-46FA-8305-52648E5E964F}.Debug|Any CPU.ActiveCfg = Debug|Any CPU
		{68C9C238-B596-46FA-8305-52648E5E964F}.Debug|Any CPU.Build.0 = Debug|Any CPU
		{68C9C238-B596-46FA-8305-52648E5E964F}.Release|Any CPU.ActiveCfg = Release|Any CPU
		{68C9C238-B596-46FA-8305-52648E5E964F}.Release|Any CPU.Build.0 = Release|Any CPU
	EndGlobalSection
	GlobalSection(SolutionProperties) = preSolution
		HideSolutionNode = FALSE
	EndGlobalSection
	GlobalSection(ExtensibilityGlobals) = postSolution
		SolutionGuid = {A3F77965-F8E4-4DDD-A22A-E15CD0AFDE7E}
	EndGlobalSection
EndGlobal
