
Microsoft Visual Studio Solution File, Format Version 12.00
# Visual Studio Version 17
VisualStudioVersion = 17.3.32929.385
MinimumVisualStudioVersion = 10.0.40219.1
Project("{FAE04EC0-301F-11D3-BF4B-00C04F79EFBC}") = "BookObjectEx", "BookObjectEx\BookObjectEx.csproj", "{0ECDC81E-1F43-4EE9-97A4-6A5C4DD9655B}"
EndProject
Global
	GlobalSection(SolutionConfigurationPlatforms) = preSolution
		Debug|Any CPU = Debug|Any CPU
		Release|Any CPU = Release|Any CPU
	EndGlobalSection
	GlobalSection(ProjectConfigurationPlatforms) = postSolution
		{0ECDC81E-1F43-4EE9-97A4-6A5C4DD9655B}.Debug|Any CPU.ActiveCfg = Debug|Any CPU
		{0ECDC81E-1F43-4EE9-97A4-6A5C4DD9655B}.Debug|Any CPU.Build.0 = Debug|Any CPU
		{0ECDC81E-1F43-4EE9-97A4-6A5C4DD9655B}.Release|Any CPU.ActiveCfg = Release|Any CPU
		{0ECDC81E-1F43-4EE9-97A4-6A5C4DD9655B}.Release|Any CPU.Build.0 = Release|Any CPU
	EndGlobalSection
	GlobalSection(SolutionProperties) = preSolution
		HideSolutionNode = FALSE
	EndGlobalSection
	GlobalSection(ExtensibilityGlobals) = postSolution
		SolutionGuid = {DA7F3CBA-4248-4B35-99E3-1DDBCF3A0561}
	EndGlobalSection
EndGlobal
