
Microsoft Visual Studio Solution File, Format Version 12.00
# Visual Studio Version 17
VisualStudioVersion = 17.3.32929.385
MinimumVisualStudioVersion = 10.0.40219.1
Project("{FAE04EC0-301F-11D3-BF4B-00C04F79EFBC}") = "ShapeOverloadingEX", "ShapeOverloadingEX\ShapeOverloadingEX.csproj", "{519971CB-3B65-4AED-ACD8-85C241E6CC2B}"
EndProject
Global
	GlobalSection(SolutionConfigurationPlatforms) = preSolution
		Debug|Any CPU = Debug|Any CPU
		Release|Any CPU = Release|Any CPU
	EndGlobalSection
	GlobalSection(ProjectConfigurationPlatforms) = postSolution
		{519971CB-3B65-4AED-ACD8-85C241E6CC2B}.Debug|Any CPU.ActiveCfg = Debug|Any CPU
		{519971CB-3B65-4AED-ACD8-85C241E6CC2B}.Debug|Any CPU.Build.0 = Debug|Any CPU
		{519971CB-3B65-4AED-ACD8-85C241E6CC2B}.Release|Any CPU.ActiveCfg = Release|Any CPU
		{519971CB-3B65-4AED-ACD8-85C241E6CC2B}.Release|Any CPU.Build.0 = Release|Any CPU
	EndGlobalSection
	GlobalSection(SolutionProperties) = preSolution
		HideSolutionNode = FALSE
	EndGlobalSection
	GlobalSection(ExtensibilityGlobals) = postSolution
		SolutionGuid = {35AC8420-01D4-4DF4-8371-2F00CC581826}
	EndGlobalSection
EndGlobal
