
Microsoft Visual Studio Solution File, Format Version 12.00
# Visual Studio Version 17
VisualStudioVersion = 17.3.32929.385
MinimumVisualStudioVersion = 10.0.40219.1
Project("{FAE04EC0-301F-11D3-BF4B-00C04F79EFBC}") = "InheritanceEX", "InheritanceEX\InheritanceEX.csproj", "{418D66FA-4CB4-4577-9E3E-DBEB7DBAFF9B}"
EndProject
Global
	GlobalSection(SolutionConfigurationPlatforms) = preSolution
		Debug|Any CPU = Debug|Any CPU
		Release|Any CPU = Release|Any CPU
	EndGlobalSection
	GlobalSection(ProjectConfigurationPlatforms) = postSolution
		{418D66FA-4CB4-4577-9E3E-DBEB7DBAFF9B}.Debug|Any CPU.ActiveCfg = Debug|Any CPU
		{418D66FA-4CB4-4577-9E3E-DBEB7DBAFF9B}.Debug|Any CPU.Build.0 = Debug|Any CPU
		{418D66FA-4CB4-4577-9E3E-DBEB7DBAFF9B}.Release|Any CPU.ActiveCfg = Release|Any CPU
		{418D66FA-4CB4-4577-9E3E-DBEB7DBAFF9B}.Release|Any CPU.Build.0 = Release|Any CPU
	EndGlobalSection
	GlobalSection(SolutionProperties) = preSolution
		HideSolutionNode = FALSE
	EndGlobalSection
	GlobalSection(ExtensibilityGlobals) = postSolution
		SolutionGuid = {9FB2B32A-C25A-43B1-9B4F-3A1612686A78}
	EndGlobalSection
EndGlobal
