
Microsoft Visual Studio Solution File, Format Version 12.00
# Visual Studio Version 17
VisualStudioVersion = 17.3.32929.385
MinimumVisualStudioVersion = 10.0.40219.1
Project("{FAE04EC0-301F-11D3-BF4B-00C04F79EFBC}") = "CurdRepoEx", "CurdRepoEx\CurdRepoEx.csproj", "{2351344E-3A11-41FB-9244-5122B07D7A53}"
EndProject
Global
	GlobalSection(SolutionConfigurationPlatforms) = preSolution
		Debug|Any CPU = Debug|Any CPU
		Release|Any CPU = Release|Any CPU
	EndGlobalSection
	GlobalSection(ProjectConfigurationPlatforms) = postSolution
		{2351344E-3A11-41FB-9244-5122B07D7A53}.Debug|Any CPU.ActiveCfg = Debug|Any CPU
		{2351344E-3A11-41FB-9244-5122B07D7A53}.Debug|Any CPU.Build.0 = Debug|Any CPU
		{2351344E-3A11-41FB-9244-5122B07D7A53}.Release|Any CPU.ActiveCfg = Release|Any CPU
		{2351344E-3A11-41FB-9244-5122B07D7A53}.Release|Any CPU.Build.0 = Release|Any CPU
	EndGlobalSection
	GlobalSection(SolutionProperties) = preSolution
		HideSolutionNode = FALSE
	EndGlobalSection
	GlobalSection(ExtensibilityGlobals) = postSolution
		SolutionGuid = {67C2532C-7423-4713-A331-0ADE8A47F878}
	EndGlobalSection
EndGlobal
