
Microsoft Visual Studio Solution File, Format Version 12.00
# Visual Studio Version 17
VisualStudioVersion = 17.3.32929.385
MinimumVisualStudioVersion = 10.0.40219.1
Project("{FAE04EC0-301F-11D3-BF4B-00C04F79EFBC}") = "ExplicitInterfaceEX", "ExplicitInterfaceEX\ExplicitInterfaceEX.csproj", "{00FA23CD-C53E-4F1A-9DED-9BFF6EBD4540}"
EndProject
Global
	GlobalSection(SolutionConfigurationPlatforms) = preSolution
		Debug|Any CPU = Debug|Any CPU
		Release|Any CPU = Release|Any CPU
	EndGlobalSection
	GlobalSection(ProjectConfigurationPlatforms) = postSolution
		{00FA23CD-C53E-4F1A-9DED-9BFF6EBD4540}.Debug|Any CPU.ActiveCfg = Debug|Any CPU
		{00FA23CD-C53E-4F1A-9DED-9BFF6EBD4540}.Debug|Any CPU.Build.0 = Debug|Any CPU
		{00FA23CD-C53E-4F1A-9DED-9BFF6EBD4540}.Release|Any CPU.ActiveCfg = Release|Any CPU
		{00FA23CD-C53E-4F1A-9DED-9BFF6EBD4540}.Release|Any CPU.Build.0 = Release|Any CPU
	EndGlobalSection
	GlobalSection(SolutionProperties) = preSolution
		HideSolutionNode = FALSE
	EndGlobalSection
	GlobalSection(ExtensibilityGlobals) = postSolution
		SolutionGuid = {FA220D4B-311C-4626-BD6B-68EA6160505A}
	EndGlobalSection
EndGlobal
