
Microsoft Visual Studio Solution File, Format Version 12.00
# Visual Studio Version 17
VisualStudioVersion = 17.3.32929.385
MinimumVisualStudioVersion = 10.0.40219.1
Project("{FAE04EC0-301F-11D3-BF4B-00C04F79EFBC}") = "GenericEX", "GenericEX\GenericEX.csproj", "{CC126A7E-EE1D-46EE-9F46-D588573BC8D2}"
EndProject
Global
	GlobalSection(SolutionConfigurationPlatforms) = preSolution
		Debug|Any CPU = Debug|Any CPU
		Release|Any CPU = Release|Any CPU
	EndGlobalSection
	GlobalSection(ProjectConfigurationPlatforms) = postSolution
		{CC126A7E-EE1D-46EE-9F46-D588573BC8D2}.Debug|Any CPU.ActiveCfg = Debug|Any CPU
		{CC126A7E-EE1D-46EE-9F46-D588573BC8D2}.Debug|Any CPU.Build.0 = Debug|Any CPU
		{CC126A7E-EE1D-46EE-9F46-D588573BC8D2}.Release|Any CPU.ActiveCfg = Release|Any CPU
		{CC126A7E-EE1D-46EE-9F46-D588573BC8D2}.Release|Any CPU.Build.0 = Release|Any CPU
	EndGlobalSection
	GlobalSection(SolutionProperties) = preSolution
		HideSolutionNode = FALSE
	EndGlobalSection
	GlobalSection(ExtensibilityGlobals) = postSolution
		SolutionGuid = {1A976064-3457-41CD-B590-327B7BDB41DE}
	EndGlobalSection
EndGlobal
