
Microsoft Visual Studio Solution File, Format Version 12.00
# Visual Studio Version 17
VisualStudioVersion = 17.3.32929.385
MinimumVisualStudioVersion = 10.0.40219.1
Project("{FAE04EC0-301F-11D3-BF4B-00C04F79EFBC}") = "CurdUsing_6Version", "CurdUsing_6Version\CurdUsing_6Version.csproj", "{0BA493B1-88EE-40BF-B8EF-DDADBD2AB650}"
EndProject
Global
	GlobalSection(SolutionConfigurationPlatforms) = preSolution
		Debug|Any CPU = Debug|Any CPU
		Release|Any CPU = Release|Any CPU
	EndGlobalSection
	GlobalSection(ProjectConfigurationPlatforms) = postSolution
		{0BA493B1-88EE-40BF-B8EF-DDADBD2AB650}.Debug|Any CPU.ActiveCfg = Debug|Any CPU
		{0BA493B1-88EE-40BF-B8EF-DDADBD2AB650}.Debug|Any CPU.Build.0 = Debug|Any CPU
		{0BA493B1-88EE-40BF-B8EF-DDADBD2AB650}.Release|Any CPU.ActiveCfg = Release|Any CPU
		{0BA493B1-88EE-40BF-B8EF-DDADBD2AB650}.Release|Any CPU.Build.0 = Release|Any CPU
	EndGlobalSection
	GlobalSection(SolutionProperties) = preSolution
		HideSolutionNode = FALSE
	EndGlobalSection
	GlobalSection(ExtensibilityGlobals) = postSolution
		SolutionGuid = {5FD10E32-3015-4DE5-8B91-62B89684427F}
	EndGlobalSection
EndGlobal
