
Microsoft Visual Studio Solution File, Format Version 12.00
# Visual Studio Version 17
VisualStudioVersion = 17.3.32929.385
MinimumVisualStudioVersion = 10.0.40219.1
Project("{FAE04EC0-301F-11D3-BF4B-00C04F79EFBC}") = "CustomAuthFilter", "CustomAuthFilter\CustomAuthFilter.csproj", "{8C4F4638-BC14-4985-934A-6C865E5AC41C}"
EndProject
Global
	GlobalSection(SolutionConfigurationPlatforms) = preSolution
		Debug|Any CPU = Debug|Any CPU
		Release|Any CPU = Release|Any CPU
	EndGlobalSection
	GlobalSection(ProjectConfigurationPlatforms) = postSolution
		{8C4F4638-BC14-4985-934A-6C865E5AC41C}.Debug|Any CPU.ActiveCfg = Debug|Any CPU
		{8C4F4638-BC14-4985-934A-6C865E5AC41C}.Debug|Any CPU.Build.0 = Debug|Any CPU
		{8C4F4638-BC14-4985-934A-6C865E5AC41C}.Release|Any CPU.ActiveCfg = Release|Any CPU
		{8C4F4638-BC14-4985-934A-6C865E5AC41C}.Release|Any CPU.Build.0 = Release|Any CPU
	EndGlobalSection
	GlobalSection(SolutionProperties) = preSolution
		HideSolutionNode = FALSE
	EndGlobalSection
	GlobalSection(ExtensibilityGlobals) = postSolution
		SolutionGuid = {C34D38FA-DFDF-42B7-A609-836851281D91}
	EndGlobalSection
EndGlobal
