
Microsoft Visual Studio Solution File, Format Version 12.00
# Visual Studio Version 17
VisualStudioVersion = 17.3.32929.385
MinimumVisualStudioVersion = 10.0.40219.1
Project("{FAE04EC0-301F-11D3-BF4B-00C04F79EFBC}") = "ArrayOfObjectBookEX", "ArrayOfObjectBookEX\ArrayOfObjectBookEX.csproj", "{586FEE50-D80C-4309-938A-82F0B11F629E}"
EndProject
Global
	GlobalSection(SolutionConfigurationPlatforms) = preSolution
		Debug|Any CPU = Debug|Any CPU
		Release|Any CPU = Release|Any CPU
	EndGlobalSection
	GlobalSection(ProjectConfigurationPlatforms) = postSolution
		{586FEE50-D80C-4309-938A-82F0B11F629E}.Debug|Any CPU.ActiveCfg = Debug|Any CPU
		{586FEE50-D80C-4309-938A-82F0B11F629E}.Debug|Any CPU.Build.0 = Debug|Any CPU
		{586FEE50-D80C-4309-938A-82F0B11F629E}.Release|Any CPU.ActiveCfg = Release|Any CPU
		{586FEE50-D80C-4309-938A-82F0B11F629E}.Release|Any CPU.Build.0 = Release|Any CPU
	EndGlobalSection
	GlobalSection(SolutionProperties) = preSolution
		HideSolutionNode = FALSE
	EndGlobalSection
	GlobalSection(ExtensibilityGlobals) = postSolution
		SolutionGuid = {9F5814FB-F9C3-45A0-BE21-D8F4548CFE11}
	EndGlobalSection
EndGlobal
