
Microsoft Visual Studio Solution File, Format Version 12.00
# Visual Studio Version 17
VisualStudioVersion = 17.3.32929.385
MinimumVisualStudioVersion = 10.0.40219.1
Project("{FAE04EC0-301F-11D3-BF4B-00C04F79EFBC}") = "ExtensionMethodEx", "ExtensionMethodEx\ExtensionMethodEx.csproj", "{837832CD-EDD9-41D8-BA32-2F7A79373C86}"
EndProject
Global
	GlobalSection(SolutionConfigurationPlatforms) = preSolution
		Debug|Any CPU = Debug|Any CPU
		Release|Any CPU = Release|Any CPU
	EndGlobalSection
	GlobalSection(ProjectConfigurationPlatforms) = postSolution
		{837832CD-EDD9-41D8-BA32-2F7A79373C86}.Debug|Any CPU.ActiveCfg = Debug|Any CPU
		{837832CD-EDD9-41D8-BA32-2F7A79373C86}.Debug|Any CPU.Build.0 = Debug|Any CPU
		{837832CD-EDD9-41D8-BA32-2F7A79373C86}.Release|Any CPU.ActiveCfg = Release|Any CPU
		{837832CD-EDD9-41D8-BA32-2F7A79373C86}.Release|Any CPU.Build.0 = Release|Any CPU
	EndGlobalSection
	GlobalSection(SolutionProperties) = preSolution
		HideSolutionNode = FALSE
	EndGlobalSection
	GlobalSection(ExtensibilityGlobals) = postSolution
		SolutionGuid = {8CDBC80B-97FD-47AA-A3A9-77586C0D6BC5}
	EndGlobalSection
EndGlobal
