
Microsoft Visual Studio Solution File, Format Version 12.00
# Visual Studio Version 17
VisualStudioVersion = 17.3.32929.385
MinimumVisualStudioVersion = 10.0.40219.1
Project("{FAE04EC0-301F-11D3-BF4B-00C04F79EFBC}") = "TagHelpersEX", "TagHelpersEX\TagHelpersEX.csproj", "{0C8473E7-8A12-43D5-8770-D12419D995AA}"
EndProject
Global
	GlobalSection(SolutionConfigurationPlatforms) = preSolution
		Debug|Any CPU = Debug|Any CPU
		Release|Any CPU = Release|Any CPU
	EndGlobalSection
	GlobalSection(ProjectConfigurationPlatforms) = postSolution
		{0C8473E7-8A12-43D5-8770-D12419D995AA}.Debug|Any CPU.ActiveCfg = Debug|Any CPU
		{0C8473E7-8A12-43D5-8770-D12419D995AA}.Debug|Any CPU.Build.0 = Debug|Any CPU
		{0C8473E7-8A12-43D5-8770-D12419D995AA}.Release|Any CPU.ActiveCfg = Release|Any CPU
		{0C8473E7-8A12-43D5-8770-D12419D995AA}.Release|Any CPU.Build.0 = Release|Any CPU
	EndGlobalSection
	GlobalSection(SolutionProperties) = preSolution
		HideSolutionNode = FALSE
	EndGlobalSection
	GlobalSection(ExtensibilityGlobals) = postSolution
		SolutionGuid = {DF862061-1CFA-4EFE-8868-8C8B31B39528}
	EndGlobalSection
EndGlobal
