
Microsoft Visual Studio Solution File, Format Version 12.00
# Visual Studio Version 17
VisualStudioVersion = 17.3.32929.385
MinimumVisualStudioVersion = 10.0.40219.1
Project("{FAE04EC0-301F-11D3-BF4B-00C04F79EFBC}") = "NamePatternEX", "NamePatternEX\NamePatternEX.csproj", "{83948401-56BA-4275-B371-BAAB8C21AE67}"
EndProject
Global
	GlobalSection(SolutionConfigurationPlatforms) = preSolution
		Debug|Any CPU = Debug|Any CPU
		Release|Any CPU = Release|Any CPU
	EndGlobalSection
	GlobalSection(ProjectConfigurationPlatforms) = postSolution
		{83948401-56BA-4275-B371-BAAB8C21AE67}.Debug|Any CPU.ActiveCfg = Debug|Any CPU
		{83948401-56BA-4275-B371-BAAB8C21AE67}.Debug|Any CPU.Build.0 = Debug|Any CPU
		{83948401-56BA-4275-B371-BAAB8C21AE67}.Release|Any CPU.ActiveCfg = Release|Any CPU
		{83948401-56BA-4275-B371-BAAB8C21AE67}.Release|Any CPU.Build.0 = Release|Any CPU
	EndGlobalSection
	GlobalSection(SolutionProperties) = preSolution
		HideSolutionNode = FALSE
	EndGlobalSection
	GlobalSection(ExtensibilityGlobals) = postSolution
		SolutionGuid = {7E67EB2D-6432-4CFF-BF7A-002B0E0EE256}
	EndGlobalSection
EndGlobal
