
Microsoft Visual Studio Solution File, Format Version 12.00
# Visual Studio Version 17
VisualStudioVersion = 17.3.32929.385
MinimumVisualStudioVersion = 10.0.40219.1
Project("{FAE04EC0-301F-11D3-BF4B-00C04F79EFBC}") = "GetSetExample", "GetSetExample\GetSetExample.csproj", "{CDFBEE5F-F661-48A3-8EF3-2938324CC7CF}"
EndProject
Global
	GlobalSection(SolutionConfigurationPlatforms) = preSolution
		Debug|Any CPU = Debug|Any CPU
		Release|Any CPU = Release|Any CPU
	EndGlobalSection
	GlobalSection(ProjectConfigurationPlatforms) = postSolution
		{CDFBEE5F-F661-48A3-8EF3-2938324CC7CF}.Debug|Any CPU.ActiveCfg = Debug|Any CPU
		{CDFBEE5F-F661-48A3-8EF3-2938324CC7CF}.Debug|Any CPU.Build.0 = Debug|Any CPU
		{CDFBEE5F-F661-48A3-8EF3-2938324CC7CF}.Release|Any CPU.ActiveCfg = Release|Any CPU
		{CDFBEE5F-F661-48A3-8EF3-2938324CC7CF}.Release|Any CPU.Build.0 = Release|Any CPU
	EndGlobalSection
	GlobalSection(SolutionProperties) = preSolution
		HideSolutionNode = FALSE
	EndGlobalSection
	GlobalSection(ExtensibilityGlobals) = postSolution
		SolutionGuid = {DF1B6E46-D365-4CB5-BE67-0AF7F35E7B33}
	EndGlobalSection
EndGlobal
