
Microsoft Visual Studio Solution File, Format Version 12.00
# Visual Studio Version 17
VisualStudioVersion = 17.3.32929.385
MinimumVisualStudioVersion = 10.0.40219.1
Project("{FAE04EC0-301F-11D3-BF4B-00C04F79EFBC}") = "Generic_Collection_Product", "Generic_Collection_Product.csproj", "{6169D924-0589-4DC4-ABEA-267518BFA7E7}"
EndProject
Global
	GlobalSection(SolutionConfigurationPlatforms) = preSolution
		Debug|Any CPU = Debug|Any CPU
		Release|Any CPU = Release|Any CPU
	EndGlobalSection
	GlobalSection(ProjectConfigurationPlatforms) = postSolution
		{6169D924-0589-4DC4-ABEA-267518BFA7E7}.Debug|Any CPU.ActiveCfg = Debug|Any CPU
		{6169D924-0589-4DC4-ABEA-267518BFA7E7}.Debug|Any CPU.Build.0 = Debug|Any CPU
		{6169D924-0589-4DC4-ABEA-267518BFA7E7}.Release|Any CPU.ActiveCfg = Release|Any CPU
		{6169D924-0589-4DC4-ABEA-267518BFA7E7}.Release|Any CPU.Build.0 = Release|Any CPU
	EndGlobalSection
	GlobalSection(SolutionProperties) = preSolution
		HideSolutionNode = FALSE
	EndGlobalSection
	GlobalSection(ExtensibilityGlobals) = postSolution
		SolutionGuid = {27659263-990F-4080-932D-36C83BF1BC73}
	EndGlobalSection
EndGlobal
